
Microsoft Visual Studio Solution File, Format Version 12.00
# Visual Studio Version 16
VisualStudioVersion = 16.0.31321.278
MinimumVisualStudioVersion = 10.0.40219.1
Project("{FAE04EC0-301F-11D3-BF4B-00C04F79EFBC}") = "GoToCSharp", "GoToCSharp.csproj", "{EE62B7A0-2EDA-448B-AB1B-E2B347AF924F}"
EndProject
Project("{FAE04EC0-301F-11D3-BF4B-00C04F79EFBC}") = "TestWork", "TestWork\TestWork.csproj", "{21397D5F-5AB3-4375-BA3A-9778BD58808B}"
EndProject
Global
	GlobalSection(SolutionConfigurationPlatforms) = preSolution
		Debug|Any CPU = Debug|Any CPU
		Release|Any CPU = Release|Any CPU
	EndGlobalSection
	GlobalSection(ProjectConfigurationPlatforms) = postSolution
		{EE62B7A0-2EDA-448B-AB1B-E2B347AF924F}.Debug|Any CPU.ActiveCfg = Debug|Any CPU
		{EE62B7A0-2EDA-448B-AB1B-E2B347AF924F}.Debug|Any CPU.Build.0 = Debug|Any CPU
		{EE62B7A0-2EDA-448B-AB1B-E2B347AF924F}.Release|Any CPU.ActiveCfg = Release|Any CPU
		{EE62B7A0-2EDA-448B-AB1B-E2B347AF924F}.Release|Any CPU.Build.0 = Release|Any CPU
		{21397D5F-5AB3-4375-BA3A-9778BD58808B}.Debug|Any CPU.ActiveCfg = Debug|Any CPU
		{21397D5F-5AB3-4375-BA3A-9778BD58808B}.Debug|Any CPU.Build.0 = Debug|Any CPU
		{21397D5F-5AB3-4375-BA3A-9778BD58808B}.Release|Any CPU.ActiveCfg = Release|Any CPU
		{21397D5F-5AB3-4375-BA3A-9778BD58808B}.Release|Any CPU.Build.0 = Release|Any CPU
	EndGlobalSection
	GlobalSection(SolutionProperties) = preSolution
		HideSolutionNode = FALSE
	EndGlobalSection
	GlobalSection(ExtensibilityGlobals) = postSolution
		SolutionGuid = {216EB808-E477-4D40-8FCF-442FC06B6671}
	EndGlobalSection
EndGlobal
